
Microsoft Visual Studio Solution File, Format Version 12.00
# Visual Studio Version 16
VisualStudioVersion = 16.0.31515.178
MinimumVisualStudioVersion = 10.0.40219.1
Project("{FAE04EC0-301F-11D3-BF4B-00C04F79EFBC}") = "03-Operators", "03-Operators\03-Operators.csproj", "{D9686D1F-B4F6-4E04-BF26-C6603888DA45}"
EndProject
Global
	GlobalSection(SolutionConfigurationPlatforms) = preSolution
		Debug|Any CPU = Debug|Any CPU
		Release|Any CPU = Release|Any CPU
	EndGlobalSection
	GlobalSection(ProjectConfigurationPlatforms) = postSolution
		{D9686D1F-B4F6-4E04-BF26-C6603888DA45}.Debug|Any CPU.ActiveCfg = Debug|Any CPU
		{D9686D1F-B4F6-4E04-BF26-C6603888DA45}.Debug|Any CPU.Build.0 = Debug|Any CPU
		{D9686D1F-B4F6-4E04-BF26-C6603888DA45}.Release|Any CPU.ActiveCfg = Release|Any CPU
		{D9686D1F-B4F6-4E04-BF26-C6603888DA45}.Release|Any CPU.Build.0 = Release|Any CPU
	EndGlobalSection
	GlobalSection(SolutionProperties) = preSolution
		HideSolutionNode = FALSE
	EndGlobalSection
	GlobalSection(ExtensibilityGlobals) = postSolution
		SolutionGuid = {ED1A5735-0834-4019-9575-8B814CB5FB24}
	EndGlobalSection
EndGlobal
