
Microsoft Visual Studio Solution File, Format Version 12.00
# Visual Studio Version 16
VisualStudioVersion = 16.0.31515.178
MinimumVisualStudioVersion = 10.0.40219.1
Project("{FAE04EC0-301F-11D3-BF4B-00C04F79EFBC}") = "01 -ConsoleProgramlama", "01 -ConsoleProgramlama\01 -ConsoleProgramlama.csproj", "{1A111962-9727-4EF5-8650-3A96946BD841}"
EndProject
Global
	GlobalSection(SolutionConfigurationPlatforms) = preSolution
		Debug|Any CPU = Debug|Any CPU
		Release|Any CPU = Release|Any CPU
	EndGlobalSection
	GlobalSection(ProjectConfigurationPlatforms) = postSolution
		{1A111962-9727-4EF5-8650-3A96946BD841}.Debug|Any CPU.ActiveCfg = Debug|Any CPU
		{1A111962-9727-4EF5-8650-3A96946BD841}.Debug|Any CPU.Build.0 = Debug|Any CPU
		{1A111962-9727-4EF5-8650-3A96946BD841}.Release|Any CPU.ActiveCfg = Release|Any CPU
		{1A111962-9727-4EF5-8650-3A96946BD841}.Release|Any CPU.Build.0 = Release|Any CPU
	EndGlobalSection
	GlobalSection(SolutionProperties) = preSolution
		HideSolutionNode = FALSE
	EndGlobalSection
	GlobalSection(ExtensibilityGlobals) = postSolution
		SolutionGuid = {EA3D6D16-53E1-4A69-A575-CC974435C558}
	EndGlobalSection
EndGlobal
